
Microsoft Visual Studio Solution File, Format Version 12.00
# Visual Studio Version 16
VisualStudioVersion = 16.0.30320.27
MinimumVisualStudioVersion = 10.0.40219.1
Project("{8BC9CEB8-8B4A-11D0-8D11-00A0C91BC942}") = "Graph Paper with All Shapes", "Graph Paper with All Shapes.vcxproj", "{457E9EB1-4DDC-4AED-B3F7-8A3724535B77}"
EndProject
Global
	GlobalSection(SolutionConfigurationPlatforms) = preSolution
		Debug|x64 = Debug|x64
		Debug|x86 = Debug|x86
		Release|x64 = Release|x64
		Release|x86 = Release|x86
	EndGlobalSection
	GlobalSection(ProjectConfigurationPlatforms) = postSolution
		{457E9EB1-4DDC-4AED-B3F7-8A3724535B77}.Debug|x64.ActiveCfg = Debug|x64
		{457E9EB1-4DDC-4AED-B3F7-8A3724535B77}.Debug|x64.Build.0 = Debug|x64
		{457E9EB1-4DDC-4AED-B3F7-8A3724535B77}.Debug|x86.ActiveCfg = Debug|Win32
		{457E9EB1-4DDC-4AED-B3F7-8A3724535B77}.Debug|x86.Build.0 = Debug|Win32
		{457E9EB1-4DDC-4AED-B3F7-8A3724535B77}.Release|x64.ActiveCfg = Release|x64
		{457E9EB1-4DDC-4AED-B3F7-8A3724535B77}.Release|x64.Build.0 = Release|x64
		{457E9EB1-4DDC-4AED-B3F7-8A3724535B77}.Release|x86.ActiveCfg = Release|Win32
		{457E9EB1-4DDC-4AED-B3F7-8A3724535B77}.Release|x86.Build.0 = Release|Win32
	EndGlobalSection
	GlobalSection(SolutionProperties) = preSolution
		HideSolutionNode = FALSE
	EndGlobalSection
	GlobalSection(ExtensibilityGlobals) = postSolution
		SolutionGuid = {69AD22BC-4632-47BB-9054-1BA13F9B5A7C}
	EndGlobalSection
EndGlobal
