
Microsoft Visual Studio Solution File, Format Version 12.00
# Visual Studio Version 16
VisualStudioVersion = 16.0.30011.22
MinimumVisualStudioVersion = 10.0.40219.1
Project("{8BC9CEB8-8B4A-11D0-8D11-00A0C91BC942}") = "02. Details", "02. Details\02. Details.vcxproj", "{ED56CCF2-D72F-4A1B-8C72-578CA01C2F7C}"
EndProject
Global
	GlobalSection(SolutionConfigurationPlatforms) = preSolution
		Debug|x64 = Debug|x64
		Debug|x86 = Debug|x86
		Release|x64 = Release|x64
		Release|x86 = Release|x86
	EndGlobalSection
	GlobalSection(ProjectConfigurationPlatforms) = postSolution
		{ED56CCF2-D72F-4A1B-8C72-578CA01C2F7C}.Debug|x64.ActiveCfg = Debug|x64
		{ED56CCF2-D72F-4A1B-8C72-578CA01C2F7C}.Debug|x64.Build.0 = Debug|x64
		{ED56CCF2-D72F-4A1B-8C72-578CA01C2F7C}.Debug|x86.ActiveCfg = Release|Win32
		{ED56CCF2-D72F-4A1B-8C72-578CA01C2F7C}.Debug|x86.Build.0 = Release|Win32
		{ED56CCF2-D72F-4A1B-8C72-578CA01C2F7C}.Release|x64.ActiveCfg = Release|x64
		{ED56CCF2-D72F-4A1B-8C72-578CA01C2F7C}.Release|x64.Build.0 = Release|x64
		{ED56CCF2-D72F-4A1B-8C72-578CA01C2F7C}.Release|x86.ActiveCfg = Release|Win32
		{ED56CCF2-D72F-4A1B-8C72-578CA01C2F7C}.Release|x86.Build.0 = Release|Win32
	EndGlobalSection
	GlobalSection(SolutionProperties) = preSolution
		HideSolutionNode = FALSE
	EndGlobalSection
	GlobalSection(ExtensibilityGlobals) = postSolution
		SolutionGuid = {574763D5-0466-46AA-A2AA-C7421C4C6337}
	EndGlobalSection
EndGlobal
