
Microsoft Visual Studio Solution File, Format Version 12.00
# Visual Studio Version 16
VisualStudioVersion = 16.0.30320.27
MinimumVisualStudioVersion = 10.0.40219.1
Project("{8BC9CEB8-8B4A-11D0-8D11-00A0C91BC942}") = "Spining Of Triangle", "Spining Of Triangle\Spining Of Triangle.vcxproj", "{DEC8CE75-9C79-4D6A-925E-AE26D60F8BAA}"
EndProject
Global
	GlobalSection(SolutionConfigurationPlatforms) = preSolution
		Debug|x64 = Debug|x64
		Debug|x86 = Debug|x86
		Release|x64 = Release|x64
		Release|x86 = Release|x86
	EndGlobalSection
	GlobalSection(ProjectConfigurationPlatforms) = postSolution
		{DEC8CE75-9C79-4D6A-925E-AE26D60F8BAA}.Debug|x64.ActiveCfg = Debug|x64
		{DEC8CE75-9C79-4D6A-925E-AE26D60F8BAA}.Debug|x64.Build.0 = Debug|x64
		{DEC8CE75-9C79-4D6A-925E-AE26D60F8BAA}.Debug|x86.ActiveCfg = Debug|Win32
		{DEC8CE75-9C79-4D6A-925E-AE26D60F8BAA}.Debug|x86.Build.0 = Debug|Win32
		{DEC8CE75-9C79-4D6A-925E-AE26D60F8BAA}.Release|x64.ActiveCfg = Release|x64
		{DEC8CE75-9C79-4D6A-925E-AE26D60F8BAA}.Release|x64.Build.0 = Release|x64
		{DEC8CE75-9C79-4D6A-925E-AE26D60F8BAA}.Release|x86.ActiveCfg = Release|Win32
		{DEC8CE75-9C79-4D6A-925E-AE26D60F8BAA}.Release|x86.Build.0 = Release|Win32
	EndGlobalSection
	GlobalSection(SolutionProperties) = preSolution
		HideSolutionNode = FALSE
	EndGlobalSection
	GlobalSection(ExtensibilityGlobals) = postSolution
		SolutionGuid = {982A00D9-0FEA-49BA-A245-01CF1539260B}
	EndGlobalSection
EndGlobal
